{
  "requires": true,
  "lockfileVersion": 1,
  "dependencies": {
    "scroll-out": {
      "version": "2.2.7",
      "resolved": "https://registry.npmjs.org/scroll-out/-/scroll-out-2.2.7.tgz",
      "integrity": "sha512-13DwcWYM70osQgtWpp3LYepAvemo7TzSeXfVrZXaS2wCprHhyBYLYss1Y+llDZF2BpxFYOwxhSAdpPLtJqV0yw=="
    }
  }
}
